PODS:
  - AEXML (4.1.0)
  - DLRadioButton (1.4.9)
  - PureLayout (3.0.2)

DEPENDENCIES:
  - AEXML
  - DLRadioButton
  - PureLayout

SPEC CHECKSUMS:
  AEXML: 647fbb051280f3fb38a1a7caa62b0344055a851c
  DLRadioButton: 7bb8a6e3768b572469ace553391ab4d2af6f9c19
  PureLayout: 4d550abe49a94f24c2808b9b95db9131685fe4cd

PODFILE CHECKSUM: bf36479ffa198072af8c3fb611d03e454c494217

COCOAPODS: 1.2.1
