// !$*UTF8*$!
{
	archiveVersion = 1;
	classes = {
	};
	objectVersion = 46;
	objects = {

/* Begin PBXBuildFile section */
		62FA838BDBBDB486DF07ECE4 /* Pods_ios_core.framework in Frameworks */ = {isa = PBXBuildFile; fileRef = 974761CF08ABB3F942D32B4B /* Pods_ios_core.framework */; };
		940E096C1EC5E4FC00C40971 /* FilltextQuestion.swift in Sources */ = {isa = PBXBuildFile; fileRef = 940E09661EC5E4FC00C40971 /* FilltextQuestion.swift */; };
		940E096D1EC5E4FC00C40971 /* IntervalQuestion.swift in Sources */ = {isa = PBXBuildFile; fileRef = 940E09671EC5E4FC00C40971 /* IntervalQuestion.swift */; };
		940E096E1EC5E4FC00C40971 /* MultichoiceQuestion.swift in Sources */ = {isa = PBXBuildFile; fileRef = 940E09681EC5E4FC00C40971 /* MultichoiceQuestion.swift */; };
		940E096F1EC5E4FC00C40971 /* NumberQuestion.swift in Sources */ = {isa = PBXBuildFile; fileRef = 940E09691EC5E4FC00C40971 /* NumberQuestion.swift */; };
		940E09701EC5E4FC00C40971 /* SingleChoiceQuestion.swift in Sources */ = {isa = PBXBuildFile; fileRef = 940E096A1EC5E4FC00C40971 /* SingleChoiceQuestion.swift */; };
		940E09711EC5E4FC00C40971 /* ToggleButtonsQuestion.swift in Sources */ = {isa = PBXBuildFile; fileRef = 940E096B1EC5E4FC00C40971 /* ToggleButtonsQuestion.swift */; };
		940E09761EC5E51600C40971 /* Checkbox.swift in Sources */ = {isa = PBXBuildFile; fileRef = 940E09721EC5E51600C40971 /* Checkbox.swift */; };
		940E09771EC5E51600C40971 /* Checkbox.xib in Resources */ = {isa = PBXBuildFile; fileRef = 940E09731EC5E51600C40971 /* Checkbox.xib */; };
		940E09781EC5E51600C40971 /* ToggleWithLabel.swift in Sources */ = {isa = PBXBuildFile; fileRef = 940E09741EC5E51600C40971 /* ToggleWithLabel.swift */; };
		940E09791EC5E51600C40971 /* ToggleWithLabel.xib in Resources */ = {isa = PBXBuildFile; fileRef = 940E09751EC5E51600C40971 /* ToggleWithLabel.xib */; };
		940E09861EC5E55400C40971 /* Question.swift in Sources */ = {isa = PBXBuildFile; fileRef = 940E097A1EC5E55400C40971 /* Question.swift */; };
		940E09871EC5E55400C40971 /* QuestionComponent.swift in Sources */ = {isa = PBXBuildFile; fileRef = 940E097B1EC5E55400C40971 /* QuestionComponent.swift */; };
		940E09881EC5E55400C40971 /* QuestionDescription.swift in Sources */ = {isa = PBXBuildFile; fileRef = 940E097C1EC5E55400C40971 /* QuestionDescription.swift */; };
		940E09891EC5E55400C40971 /* QuestionImage.swift in Sources */ = {isa = PBXBuildFile; fileRef = 940E097D1EC5E55400C40971 /* QuestionImage.swift */; };
		940E098A1EC5E55400C40971 /* QuestionParser.swift in Sources */ = {isa = PBXBuildFile; fileRef = 940E097E1EC5E55400C40971 /* QuestionParser.swift */; };
		940E098B1EC5E55400C40971 /* QuestionQuestions.swift in Sources */ = {isa = PBXBuildFile; fileRef = 940E097F1EC5E55400C40971 /* QuestionQuestions.swift */; };
		940E098C1EC5E55400C40971 /* QuestionSlide.swift in Sources */ = {isa = PBXBuildFile; fileRef = 940E09801EC5E55400C40971 /* QuestionSlide.swift */; };
		940E098D1EC5E55400C40971 /* QuestionVideo.swift in Sources */ = {isa = PBXBuildFile; fileRef = 940E09811EC5E55400C40971 /* QuestionVideo.swift */; };
		940E098F1EC5E55400C40971 /* Task.swift in Sources */ = {isa = PBXBuildFile; fileRef = 940E09831EC5E55400C40971 /* Task.swift */; };
		940E09901EC5E55400C40971 /* v_quest_img.swift in Sources */ = {isa = PBXBuildFile; fileRef = 940E09841EC5E55400C40971 /* v_quest_img.swift */; };
		940E09911EC5E55400C40971 /* v_quest_img.xib in Resources */ = {isa = PBXBuildFile; fileRef = 940E09851EC5E55400C40971 /* v_quest_img.xib */; };
		940E09931EC5E5DC00C40971 /* ToastExtension.swift in Sources */ = {isa = PBXBuildFile; fileRef = 940E09921EC5E5DC00C40971 /* ToastExtension.swift */; };
		940E09991EC5F27E00C40971 /* Podfile in Resources */ = {isa = PBXBuildFile; fileRef = 940E09981EC5F27E00C40971 /* Podfile */; };
		946B72831EC602FF00D98A48 /* Assets.xcassets in Resources */ = {isa = PBXBuildFile; fileRef = 946B72821EC602FF00D98A48 /* Assets.xcassets */; };
		9475AC311EBB704700E838D8 /* ios_core.framework in Frameworks */ = {isa = PBXBuildFile; fileRef = 9475AC271EBB704700E838D8 /* ios_core.framework */; };
		9475AC361EBB704700E838D8 /* ios_coreTests.swift in Sources */ = {isa = PBXBuildFile; fileRef = 9475AC351EBB704700E838D8 /* ios_coreTests.swift */; };
		9475AC381EBB704700E838D8 /* ios_core.h in Headers */ = {isa = PBXBuildFile; fileRef = 9475AC2A1EBB704700E838D8 /* ios_core.h */; settings = {ATTRIBUTES = (Public, ); }; };
		947CDA251ECF2A3C00C9CBCD /* ios_core.podspec in Resources */ = {isa = PBXBuildFile; fileRef = 947CDA231ECF2A3C00C9CBCD /* ios_core.podspec */; };
		947CDA261ECF2A3C00C9CBCD /* LICENSE in Resources */ = {isa = PBXBuildFile; fileRef = 947CDA241ECF2A3C00C9CBCD /* LICENSE */; };
		94899DA31EBC5F3200CB7BA2 /* TitleTextSlide.swift in Sources */ = {isa = PBXBuildFile; fileRef = 94899DA11EBC5F3200CB7BA2 /* TitleTextSlide.swift */; };
		94899DA41EBC5F3200CB7BA2 /* TitleTextSlide.xib in Resources */ = {isa = PBXBuildFile; fileRef = 94899DA21EBC5F3200CB7BA2 /* TitleTextSlide.xib */; };
		94899DB31EBC62D000CB7BA2 /* FullscreenModal.swift in Sources */ = {isa = PBXBuildFile; fileRef = 94899DA81EBC62D000CB7BA2 /* FullscreenModal.swift */; };
		94899DB41EBC62D000CB7BA2 /* FullscreenModal.xib in Resources */ = {isa = PBXBuildFile; fileRef = 94899DA91EBC62D000CB7BA2 /* FullscreenModal.xib */; };
		94899DB51EBC62D000CB7BA2 /* SplitImageDescSlide.swift in Sources */ = {isa = PBXBuildFile; fileRef = 94899DAA1EBC62D000CB7BA2 /* SplitImageDescSlide.swift */; };
		94899DB61EBC62D000CB7BA2 /* SplitImageDescSlide.xib in Resources */ = {isa = PBXBuildFile; fileRef = 94899DAB1EBC62D000CB7BA2 /* SplitImageDescSlide.xib */; };
		94899DB71EBC62D000CB7BA2 /* SplitImageDescSubtitleSlide.swift in Sources */ = {isa = PBXBuildFile; fileRef = 94899DAC1EBC62D000CB7BA2 /* SplitImageDescSubtitleSlide.swift */; };
		94899DB81EBC62D000CB7BA2 /* SplitImageDescSubtitleSlide.xib in Resources */ = {isa = PBXBuildFile; fileRef = 94899DAD1EBC62D000CB7BA2 /* SplitImageDescSubtitleSlide.xib */; };
		94899DB91EBC62D000CB7BA2 /* StringStyler.swift in Sources */ = {isa = PBXBuildFile; fileRef = 94899DAE1EBC62D000CB7BA2 /* StringStyler.swift */; };
		94899DBA1EBC62D000CB7BA2 /* ThreeImagesModalSlide.swift in Sources */ = {isa = PBXBuildFile; fileRef = 94899DAF1EBC62D000CB7BA2 /* ThreeImagesModalSlide.swift */; };
		94899DBB1EBC62D000CB7BA2 /* ThreeImagesModalSlide.xib in Resources */ = {isa = PBXBuildFile; fileRef = 94899DB01EBC62D000CB7BA2 /* ThreeImagesModalSlide.xib */; };
		94899DBC1EBC62D000CB7BA2 /* TitleTextBottomImageSlide.swift in Sources */ = {isa = PBXBuildFile; fileRef = 94899DB11EBC62D000CB7BA2 /* TitleTextBottomImageSlide.swift */; };
		94899DBD1EBC62D000CB7BA2 /* TitleTextBottomImageSlide.xib in Resources */ = {isa = PBXBuildFile; fileRef = 94899DB21EBC62D000CB7BA2 /* TitleTextBottomImageSlide.xib */; };
		94899DBF1EBC636C00CB7BA2 /* ChapterProtocol.swift in Sources */ = {isa = PBXBuildFile; fileRef = 94899DBE1EBC636C00CB7BA2 /* ChapterProtocol.swift */; };
		94F4345E1ED1E08C00DEE9E8 /* checkbox_checked.png in Resources */ = {isa = PBXBuildFile; fileRef = 94F434511ED1E08C00DEE9E8 /* checkbox_checked.png */; };
		94F4345F1ED1E08C00DEE9E8 /* checkbox_pressed.png in Resources */ = {isa = PBXBuildFile; fileRef = 94F434521ED1E08C00DEE9E8 /* checkbox_pressed.png */; };
		94F434601ED1E08C00DEE9E8 /* checkbox.png in Resources */ = {isa = PBXBuildFile; fileRef = 94F434531ED1E08C00DEE9E8 /* checkbox.png */; };
		94F434611ED1E08C00DEE9E8 /* ico_close_pressed.png in Resources */ = {isa = PBXBuildFile; fileRef = 94F434541ED1E08C00DEE9E8 /* ico_close_pressed.png */; };
		94F434621ED1E08C00DEE9E8 /* ico_close.png in Resources */ = {isa = PBXBuildFile; fileRef = 94F434551ED1E08C00DEE9E8 /* ico_close.png */; };
		94F434631ED1E08C00DEE9E8 /* ico_zoom_pressed.png in Resources */ = {isa = PBXBuildFile; fileRef = 94F434561ED1E08C00DEE9E8 /* ico_zoom_pressed.png */; };
		94F434641ED1E08C00DEE9E8 /* ico_zoom.png in Resources */ = {isa = PBXBuildFile; fileRef = 94F434571ED1E08C00DEE9E8 /* ico_zoom.png */; };
		94F434651ED1E08C00DEE9E8 /* vyhodnoceni_shouldbe.png in Resources */ = {isa = PBXBuildFile; fileRef = 94F434581ED1E08C00DEE9E8 /* vyhodnoceni_shouldbe.png */; };
		94F434661ED1E08C00DEE9E8 /* vyhodnoceni_spatne.png in Resources */ = {isa = PBXBuildFile; fileRef = 94F434591ED1E08C00DEE9E8 /* vyhodnoceni_spatne.png */; };
		94F434671ED1E08C00DEE9E8 /* vyhodnoceni_spravne.png in Resources */ = {isa = PBXBuildFile; fileRef = 94F4345A1ED1E08C00DEE9E8 /* vyhodnoceni_spravne.png */; };
		94F434681ED1E08C00DEE9E8 /* vyhodnotit_disabled.png in Resources */ = {isa = PBXBuildFile; fileRef = 94F4345B1ED1E08C00DEE9E8 /* vyhodnotit_disabled.png */; };
		94F434691ED1E08C00DEE9E8 /* vyhodnotit_normal.png in Resources */ = {isa = PBXBuildFile; fileRef = 94F4345C1ED1E08C00DEE9E8 /* vyhodnotit_normal.png */; };
		94F4346A1ED1E08C00DEE9E8 /* vyhodnotit_pressed.png in Resources */ = {isa = PBXBuildFile; fileRef = 94F4345D1ED1E08C00DEE9E8 /* vyhodnotit_pressed.png */; };
/* End PBXBuildFile section */

/* Begin PBXContainerItemProxy section */
		9475AC321EBB704700E838D8 /* PBXContainerItemProxy */ = {
			isa = PBXContainerItemProxy;
			containerPortal = 9475AC1E1EBB704700E838D8 /* Project object */;
			proxyType = 1;
			remoteGlobalIDString = 9475AC261EBB704700E838D8;
			remoteInfo = ios_core;
		};
/* End PBXContainerItemProxy section */

/* Begin PBXFileReference section */
		5D2D5227F90AD42C4681CB3E /* Pods-ios_core.debug.xcconfig */ = {isa = PBXFileReference; includeInIndex = 1; lastKnownFileType = text.xcconfig; name = "Pods-ios_core.debug.xcconfig"; path = "ios_core/Pods/Target Support Files/Pods-ios_core/Pods-ios_core.debug.xcconfig"; sourceTree = "<group>"; };
		793D8D54A2E01C88EAF19B10 /* Pods-ios_core.release.xcconfig */ = {isa = PBXFileReference; includeInIndex = 1; lastKnownFileType = text.xcconfig; name = "Pods-ios_core.release.xcconfig"; path = "ios_core/Pods/Target Support Files/Pods-ios_core/Pods-ios_core.release.xcconfig"; sourceTree = "<group>"; };
		940E09661EC5E4FC00C40971 /* FilltextQuestion.swift */ = {isa = PBXFileReference; fileEncoding = 4; lastKnownFileType = sourcecode.swift; path = FilltextQuestion.swift; sourceTree = "<group>"; };
		940E09671EC5E4FC00C40971 /* IntervalQuestion.swift */ = {isa = PBXFileReference; fileEncoding = 4; lastKnownFileType = sourcecode.swift; path = IntervalQuestion.swift; sourceTree = "<group>"; };
		940E09681EC5E4FC00C40971 /* MultichoiceQuestion.swift */ = {isa = PBXFileReference; fileEncoding = 4; lastKnownFileType = sourcecode.swift; path = MultichoiceQuestion.swift; sourceTree = "<group>"; };
		940E09691EC5E4FC00C40971 /* NumberQuestion.swift */ = {isa = PBXFileReference; fileEncoding = 4; lastKnownFileType = sourcecode.swift; path = NumberQuestion.swift; sourceTree = "<group>"; };
		940E096A1EC5E4FC00C40971 /* SingleChoiceQuestion.swift */ = {isa = PBXFileReference; fileEncoding = 4; lastKnownFileType = sourcecode.swift; path = SingleChoiceQuestion.swift; sourceTree = "<group>"; };
		940E096B1EC5E4FC00C40971 /* ToggleButtonsQuestion.swift */ = {isa = PBXFileReference; fileEncoding = 4; lastKnownFileType = sourcecode.swift; path = ToggleButtonsQuestion.swift; sourceTree = "<group>"; };
		940E09721EC5E51600C40971 /* Checkbox.swift */ = {isa = PBXFileReference; fileEncoding = 4; lastKnownFileType = sourcecode.swift; path = Checkbox.swift; sourceTree = "<group>"; };
		940E09731EC5E51600C40971 /* Checkbox.xib */ = {isa = PBXFileReference; fileEncoding = 4; lastKnownFileType = file.xib; path = Checkbox.xib; sourceTree = "<group>"; };
		940E09741EC5E51600C40971 /* ToggleWithLabel.swift */ = {isa = PBXFileReference; fileEncoding = 4; lastKnownFileType = sourcecode.swift; path = ToggleWithLabel.swift; sourceTree = "<group>"; };
		940E09751EC5E51600C40971 /* ToggleWithLabel.xib */ = {isa = PBXFileReference; fileEncoding = 4; lastKnownFileType = file.xib; path = ToggleWithLabel.xib; sourceTree = "<group>"; };
		940E097A1EC5E55400C40971 /* Question.swift */ = {isa = PBXFileReference; fileEncoding = 4; lastKnownFileType = sourcecode.swift; path = Question.swift; sourceTree = "<group>"; };
		940E097B1EC5E55400C40971 /* QuestionComponent.swift */ = {isa = PBXFileReference; fileEncoding = 4; lastKnownFileType = sourcecode.swift; path = QuestionComponent.swift; sourceTree = "<group>"; };
		940E097C1EC5E55400C40971 /* QuestionDescription.swift */ = {isa = PBXFileReference; fileEncoding = 4; lastKnownFileType = sourcecode.swift; path = QuestionDescription.swift; sourceTree = "<group>"; };
		940E097D1EC5E55400C40971 /* QuestionImage.swift */ = {isa = PBXFileReference; fileEncoding = 4; lastKnownFileType = sourcecode.swift; path = QuestionImage.swift; sourceTree = "<group>"; };
		940E097E1EC5E55400C40971 /* QuestionParser.swift */ = {isa = PBXFileReference; fileEncoding = 4; lastKnownFileType = sourcecode.swift; path = QuestionParser.swift; sourceTree = "<group>"; };
		940E097F1EC5E55400C40971 /* QuestionQuestions.swift */ = {isa = PBXFileReference; fileEncoding = 4; lastKnownFileType = sourcecode.swift; path = QuestionQuestions.swift; sourceTree = "<group>"; };
		940E09801EC5E55400C40971 /* QuestionSlide.swift */ = {isa = PBXFileReference; fileEncoding = 4; lastKnownFileType = sourcecode.swift; path = QuestionSlide.swift; sourceTree = "<group>"; };
		940E09811EC5E55400C40971 /* QuestionVideo.swift */ = {isa = PBXFileReference; fileEncoding = 4; lastKnownFileType = sourcecode.swift; path = QuestionVideo.swift; sourceTree = "<group>"; };
		940E09831EC5E55400C40971 /* Task.swift */ = {isa = PBXFileReference; fileEncoding = 4; lastKnownFileType = sourcecode.swift; path = Task.swift; sourceTree = "<group>"; };
		940E09841EC5E55400C40971 /* v_quest_img.swift */ = {isa = PBXFileReference; fileEncoding = 4; lastKnownFileType = sourcecode.swift; path = v_quest_img.swift; sourceTree = "<group>"; };
		940E09851EC5E55400C40971 /* v_quest_img.xib */ = {isa = PBXFileReference; fileEncoding = 4; lastKnownFileType = file.xib; path = v_quest_img.xib; sourceTree = "<group>"; };
		940E09921EC5E5DC00C40971 /* ToastExtension.swift */ = {isa = PBXFileReference; fileEncoding = 4; lastKnownFileType = sourcecode.swift; name = ToastExtension.swift; path = tasks/ToastExtension.swift; sourceTree = "<group>"; };
		940E09981EC5F27E00C40971 /* Podfile */ = {isa = PBXFileReference; fileEncoding = 4; lastKnownFileType = text; path = Podfile; sourceTree = "<group>"; xcLanguageSpecificationIdentifier = xcode.lang.ruby; };
		946B72821EC602FF00D98A48 /* Assets.xcassets */ = {isa = PBXFileReference; lastKnownFileType = folder.assetcatalog; path = Assets.xcassets; sourceTree = "<group>"; };
		9475AC271EBB704700E838D8 /* ios_core.framework */ = {isa = PBXFileReference; explicitFileType = wrapper.framework; includeInIndex = 0; path = ios_core.framework; sourceTree = BUILT_PRODUCTS_DIR; };
		9475AC2A1EBB704700E838D8 /* ios_core.h */ = {isa = PBXFileReference; lastKnownFileType = sourcecode.c.h; path = ios_core.h; sourceTree = "<group>"; };
		9475AC2B1EBB704700E838D8 /* Info.plist */ = {isa = PBXFileReference; lastKnownFileType = text.plist.xml; path = Info.plist; sourceTree = "<group>"; };
		9475AC301EBB704700E838D8 /* ios_coreTests.xctest */ = {isa = PBXFileReference; explicitFileType = wrapper.cfbundle; includeInIndex = 0; path = ios_coreTests.xctest; sourceTree = BUILT_PRODUCTS_DIR; };
		9475AC351EBB704700E838D8 /* ios_coreTests.swift */ = {isa = PBXFileReference; lastKnownFileType = sourcecode.swift; path = ios_coreTests.swift; sourceTree = "<group>"; };
		9475AC371EBB704700E838D8 /* Info.plist */ = {isa = PBXFileReference; lastKnownFileType = text.plist.xml; path = Info.plist; sourceTree = "<group>"; };
		947CDA231ECF2A3C00C9CBCD /* ios_core.podspec */ = {isa = PBXFileReference; fileEncoding = 4; lastKnownFileType = text; path = ios_core.podspec; sourceTree = "<group>"; };
		947CDA241ECF2A3C00C9CBCD /* LICENSE */ = {isa = PBXFileReference; fileEncoding = 4; lastKnownFileType = text; path = LICENSE; sourceTree = "<group>"; };
		94899DA11EBC5F3200CB7BA2 /* TitleTextSlide.swift */ = {isa = PBXFileReference; fileEncoding = 4; lastKnownFileType = sourcecode.swift; path = TitleTextSlide.swift; sourceTree = "<group>"; };
		94899DA21EBC5F3200CB7BA2 /* TitleTextSlide.xib */ = {isa = PBXFileReference; fileEncoding = 4; lastKnownFileType = file.xib; path = TitleTextSlide.xib; sourceTree = "<group>"; };
		94899DA81EBC62D000CB7BA2 /* FullscreenModal.swift */ = {isa = PBXFileReference; fileEncoding = 4; lastKnownFileType = sourcecode.swift; path = FullscreenModal.swift; sourceTree = "<group>"; };
		94899DA91EBC62D000CB7BA2 /* FullscreenModal.xib */ = {isa = PBXFileReference; fileEncoding = 4; lastKnownFileType = file.xib; path = FullscreenModal.xib; sourceTree = "<group>"; };
		94899DAA1EBC62D000CB7BA2 /* SplitImageDescSlide.swift */ = {isa = PBXFileReference; fileEncoding = 4; lastKnownFileType = sourcecode.swift; path = SplitImageDescSlide.swift; sourceTree = "<group>"; };
		94899DAB1EBC62D000CB7BA2 /* SplitImageDescSlide.xib */ = {isa = PBXFileReference; fileEncoding = 4; lastKnownFileType = file.xib; path = SplitImageDescSlide.xib; sourceTree = "<group>"; };
		94899DAC1EBC62D000CB7BA2 /* SplitImageDescSubtitleSlide.swift */ = {isa = PBXFileReference; fileEncoding = 4; lastKnownFileType = sourcecode.swift; path = SplitImageDescSubtitleSlide.swift; sourceTree = "<group>"; };
		94899DAD1EBC62D000CB7BA2 /* SplitImageDescSubtitleSlide.xib */ = {isa = PBXFileReference; fileEncoding = 4; lastKnownFileType = file.xib; path = SplitImageDescSubtitleSlide.xib; sourceTree = "<group>"; };
		94899DAE1EBC62D000CB7BA2 /* StringStyler.swift */ = {isa = PBXFileReference; fileEncoding = 4; lastKnownFileType = sourcecode.swift; name = StringStyler.swift; path = tasks/StringStyler.swift; sourceTree = "<group>"; };
		94899DAF1EBC62D000CB7BA2 /* ThreeImagesModalSlide.swift */ = {isa = PBXFileReference; fileEncoding = 4; lastKnownFileType = sourcecode.swift; path = ThreeImagesModalSlide.swift; sourceTree = "<group>"; };
		94899DB01EBC62D000CB7BA2 /* ThreeImagesModalSlide.xib */ = {isa = PBXFileReference; fileEncoding = 4; lastKnownFileType = file.xib; path = ThreeImagesModalSlide.xib; sourceTree = "<group>"; };
		94899DB11EBC62D000CB7BA2 /* TitleTextBottomImageSlide.swift */ = {isa = PBXFileReference; fileEncoding = 4; lastKnownFileType = sourcecode.swift; path = TitleTextBottomImageSlide.swift; sourceTree = "<group>"; };
		94899DB21EBC62D000CB7BA2 /* TitleTextBottomImageSlide.xib */ = {isa = PBXFileReference; fileEncoding = 4; lastKnownFileType = file.xib; path = TitleTextBottomImageSlide.xib; sourceTree = "<group>"; };
		94899DBE1EBC636C00CB7BA2 /* ChapterProtocol.swift */ = {isa = PBXFileReference; fileEncoding = 4; lastKnownFileType = sourcecode.swift; name = ChapterProtocol.swift; path = tasks/ChapterProtocol.swift; sourceTree = "<group>"; };
		94F434511ED1E08C00DEE9E8 /* checkbox_checked.png */ = {isa = PBXFileReference; lastKnownFileType = image.png; path = checkbox_checked.png; sourceTree = "<group>"; };
		94F434521ED1E08C00DEE9E8 /* checkbox_pressed.png */ = {isa = PBXFileReference; lastKnownFileType = image.png; path = checkbox_pressed.png; sourceTree = "<group>"; };
		94F434531ED1E08C00DEE9E8 /* checkbox.png */ = {isa = PBXFileReference; lastKnownFileType = image.png; path = checkbox.png; sourceTree = "<group>"; };
		94F434541ED1E08C00DEE9E8 /* ico_close_pressed.png */ = {isa = PBXFileReference; lastKnownFileType = image.png; path = ico_close_pressed.png; sourceTree = "<group>"; };
		94F434551ED1E08C00DEE9E8 /* ico_close.png */ = {isa = PBXFileReference; lastKnownFileType = image.png; path = ico_close.png; sourceTree = "<group>"; };
		94F434561ED1E08C00DEE9E8 /* ico_zoom_pressed.png */ = {isa = PBXFileReference; lastKnownFileType = image.png; path = ico_zoom_pressed.png; sourceTree = "<group>"; };
		94F434571ED1E08C00DEE9E8 /* ico_zoom.png */ = {isa = PBXFileReference; lastKnownFileType = image.png; path = ico_zoom.png; sourceTree = "<group>"; };
		94F434581ED1E08C00DEE9E8 /* vyhodnoceni_shouldbe.png */ = {isa = PBXFileReference; lastKnownFileType = image.png; path = vyhodnoceni_shouldbe.png; sourceTree = "<group>"; };
		94F434591ED1E08C00DEE9E8 /* vyhodnoceni_spatne.png */ = {isa = PBXFileReference; lastKnownFileType = image.png; path = vyhodnoceni_spatne.png; sourceTree = "<group>"; };
		94F4345A1ED1E08C00DEE9E8 /* vyhodnoceni_spravne.png */ = {isa = PBXFileReference; lastKnownFileType = image.png; path = vyhodnoceni_spravne.png; sourceTree = "<group>"; };
		94F4345B1ED1E08C00DEE9E8 /* vyhodnotit_disabled.png */ = {isa = PBXFileReference; lastKnownFileType = image.png; path = vyhodnotit_disabled.png; sourceTree = "<group>"; };
		94F4345C1ED1E08C00DEE9E8 /* vyhodnotit_normal.png */ = {isa = PBXFileReference; lastKnownFileType = image.png; path = vyhodnotit_normal.png; sourceTree = "<group>"; };
		94F4345D1ED1E08C00DEE9E8 /* vyhodnotit_pressed.png */ = {isa = PBXFileReference; lastKnownFileType = image.png; path = vyhodnotit_pressed.png; sourceTree = "<group>"; };
		974761CF08ABB3F942D32B4B /* Pods_ios_core.framework */ = {isa = PBXFileReference; explicitFileType = wrapper.framework; includeInIndex = 0; path = Pods_ios_core.framework; sourceTree = BUILT_PRODUCTS_DIR; };
/* End PBXFileReference section */

/* Begin PBXFrameworksBuildPhase section */
		9475AC231EBB704700E838D8 /* Frameworks */ = {
			isa = PBXFrameworksBuildPhase;
			buildActionMask = 2147483647;
			files = (
				62FA838BDBBDB486DF07ECE4 /* Pods_ios_core.framework in Frameworks */,
			);
			runOnlyForDeploymentPostprocessing = 0;
		};
		9475AC2D1EBB704700E838D8 /* Frameworks */ = {
			isa = PBXFrameworksBuildPhase;
			buildActionMask = 2147483647;
			files = (
				9475AC311EBB704700E838D8 /* ios_core.framework in Frameworks */,
			);
			runOnlyForDeploymentPostprocessing = 0;
		};
/* End PBXFrameworksBuildPhase section */

/* Begin PBXGroup section */
		5986A042F1A72EA647D7E8DB /* Frameworks */ = {
			isa = PBXGroup;
			children = (
				974761CF08ABB3F942D32B4B /* Pods_ios_core.framework */,
			);
			name = Frameworks;
			sourceTree = "<group>";
		};
		940E09641EC5E47900C40971 /* views */ = {
			isa = PBXGroup;
			children = (
				940E09721EC5E51600C40971 /* Checkbox.swift */,
				940E09731EC5E51600C40971 /* Checkbox.xib */,
				940E09741EC5E51600C40971 /* ToggleWithLabel.swift */,
				940E09751EC5E51600C40971 /* ToggleWithLabel.xib */,
			);
			name = views;
			sourceTree = "<group>";
		};
		940E09651EC5E48200C40971 /* parser */ = {
			isa = PBXGroup;
			children = (
				940E097A1EC5E55400C40971 /* Question.swift */,
				940E097B1EC5E55400C40971 /* QuestionComponent.swift */,
				940E097C1EC5E55400C40971 /* QuestionDescription.swift */,
				940E097D1EC5E55400C40971 /* QuestionImage.swift */,
				940E097E1EC5E55400C40971 /* QuestionParser.swift */,
				940E097F1EC5E55400C40971 /* QuestionQuestions.swift */,
				940E09801EC5E55400C40971 /* QuestionSlide.swift */,
				940E09811EC5E55400C40971 /* QuestionVideo.swift */,
				940E09831EC5E55400C40971 /* Task.swift */,
				940E09841EC5E55400C40971 /* v_quest_img.swift */,
				940E09851EC5E55400C40971 /* v_quest_img.xib */,
			);
			name = parser;
			sourceTree = "<group>";
		};
		940E09941EC5E67300C40971 /* utils */ = {
			isa = PBXGroup;
			children = (
				94899DAE1EBC62D000CB7BA2 /* StringStyler.swift */,
				94899DBE1EBC636C00CB7BA2 /* ChapterProtocol.swift */,
				940E09921EC5E5DC00C40971 /* ToastExtension.swift */,
			);
			name = utils;
			sourceTree = "<group>";
		};
		9475AC1D1EBB704700E838D8 = {
			isa = PBXGroup;
			children = (
				947CDA231ECF2A3C00C9CBCD /* ios_core.podspec */,
				947CDA241ECF2A3C00C9CBCD /* LICENSE */,
				9475AC291EBB704700E838D8 /* ios_core */,
				9475AC341EBB704700E838D8 /* ios_coreTests */,
				9475AC281EBB704700E838D8 /* Products */,
				D02B2DE3ADEAEC12B0AA2914 /* Pods */,
				5986A042F1A72EA647D7E8DB /* Frameworks */,
			);
			sourceTree = "<group>";
		};
		9475AC281EBB704700E838D8 /* Products */ = {
			isa = PBXGroup;
			children = (
				9475AC271EBB704700E838D8 /* ios_core.framework */,
				9475AC301EBB704700E838D8 /* ios_coreTests.xctest */,
			);
			name = Products;
			sourceTree = "<group>";
		};
		9475AC291EBB704700E838D8 /* ios_core */ = {
			isa = PBXGroup;
			children = (
				946B72821EC602FF00D98A48 /* Assets.xcassets */,
				940E09981EC5F27E00C40971 /* Podfile */,
				940E09941EC5E67300C40971 /* utils */,
				940E09651EC5E48200C40971 /* parser */,
				940E09641EC5E47900C40971 /* views */,
				94899DC71EBC6AFD00CB7BA2 /* res */,
				94899DA01EBC5BA700CB7BA2 /* tasks */,
				9475AC2A1EBB704700E838D8 /* ios_core.h */,
				9475AC2B1EBB704700E838D8 /* Info.plist */,
			);
			path = ios_core;
			sourceTree = "<group>";
		};
		9475AC341EBB704700E838D8 /* ios_coreTests */ = {
			isa = PBXGroup;
			children = (
				9475AC351EBB704700E838D8 /* ios_coreTests.swift */,
				9475AC371EBB704700E838D8 /* Info.plist */,
			);
			path = ios_coreTests;
			sourceTree = "<group>";
		};
		94899DA01EBC5BA700CB7BA2 /* tasks */ = {
			isa = PBXGroup;
			children = (
				940E09661EC5E4FC00C40971 /* FilltextQuestion.swift */,
				940E09671EC5E4FC00C40971 /* IntervalQuestion.swift */,
				940E09681EC5E4FC00C40971 /* MultichoiceQuestion.swift */,
				940E09691EC5E4FC00C40971 /* NumberQuestion.swift */,
				940E096A1EC5E4FC00C40971 /* SingleChoiceQuestion.swift */,
				940E096B1EC5E4FC00C40971 /* ToggleButtonsQuestion.swift */,
				94899DA81EBC62D000CB7BA2 /* FullscreenModal.swift */,
				94899DA91EBC62D000CB7BA2 /* FullscreenModal.xib */,
				94899DAA1EBC62D000CB7BA2 /* SplitImageDescSlide.swift */,
				94899DAB1EBC62D000CB7BA2 /* SplitImageDescSlide.xib */,
				94899DAC1EBC62D000CB7BA2 /* SplitImageDescSubtitleSlide.swift */,
				94899DAD1EBC62D000CB7BA2 /* SplitImageDescSubtitleSlide.xib */,
				94899DAF1EBC62D000CB7BA2 /* ThreeImagesModalSlide.swift */,
				94899DB01EBC62D000CB7BA2 /* ThreeImagesModalSlide.xib */,
				94899DB11EBC62D000CB7BA2 /* TitleTextBottomImageSlide.swift */,
				94899DB21EBC62D000CB7BA2 /* TitleTextBottomImageSlide.xib */,
				94899DA11EBC5F3200CB7BA2 /* TitleTextSlide.swift */,
				94899DA21EBC5F3200CB7BA2 /* TitleTextSlide.xib */,
			);
			path = tasks;
			sourceTree = "<group>";
		};
		94899DC71EBC6AFD00CB7BA2 /* res */ = {
			isa = PBXGroup;
			children = (
				94F434511ED1E08C00DEE9E8 /* checkbox_checked.png */,
				94F434521ED1E08C00DEE9E8 /* checkbox_pressed.png */,
				94F434531ED1E08C00DEE9E8 /* checkbox.png */,
				94F434541ED1E08C00DEE9E8 /* ico_close_pressed.png */,
				94F434551ED1E08C00DEE9E8 /* ico_close.png */,
				94F434561ED1E08C00DEE9E8 /* ico_zoom_pressed.png */,
				94F434571ED1E08C00DEE9E8 /* ico_zoom.png */,
				94F434581ED1E08C00DEE9E8 /* vyhodnoceni_shouldbe.png */,
				94F434591ED1E08C00DEE9E8 /* vyhodnoceni_spatne.png */,
				94F4345A1ED1E08C00DEE9E8 /* vyhodnoceni_spravne.png */,
				94F4345B1ED1E08C00DEE9E8 /* vyhodnotit_disabled.png */,
				94F4345C1ED1E08C00DEE9E8 /* vyhodnotit_normal.png */,
				94F4345D1ED1E08C00DEE9E8 /* vyhodnotit_pressed.png */,
			);
			path = res;
			sourceTree = "<group>";
		};
		D02B2DE3ADEAEC12B0AA2914 /* Pods */ = {
			isa = PBXGroup;
			children = (
				5D2D5227F90AD42C4681CB3E /* Pods-ios_core.debug.xcconfig */,
				793D8D54A2E01C88EAF19B10 /* Pods-ios_core.release.xcconfig */,
			);
			name = Pods;
			sourceTree = "<group>";
		};
/* End PBXGroup section */

/* Begin PBXHeadersBuildPhase section */
		9475AC241EBB704700E838D8 /* Headers */ = {
			isa = PBXHeadersBuildPhase;
			buildActionMask = 2147483647;
			files = (
				9475AC381EBB704700E838D8 /* ios_core.h in Headers */,
			);
			runOnlyForDeploymentPostprocessing = 0;
		};
/* End PBXHeadersBuildPhase section */

/* Begin PBXNativeTarget section */
		9475AC261EBB704700E838D8 /* ios_core */ = {
			isa = PBXNativeTarget;
			buildConfigurationList = 9475AC3B1EBB704700E838D8 /* Build configuration list for PBXNativeTarget "ios_core" */;
			buildPhases = (
				5998770B52990D71AAF87A72 /* [CP] Check Pods Manifest.lock */,
				9475AC221EBB704700E838D8 /* Sources */,
				9475AC231EBB704700E838D8 /* Frameworks */,
				9475AC241EBB704700E838D8 /* Headers */,
				9475AC251EBB704700E838D8 /* Resources */,
				5A3C051D4D08D390EC050E72 /* [CP] Copy Pods Resources */,
			);
			buildRules = (
			);
			dependencies = (
			);
			name = ios_core;
			productName = ios_core;
			productReference = 9475AC271EBB704700E838D8 /* ios_core.framework */;
			productType = "com.apple.product-type.framework";
		};
		9475AC2F1EBB704700E838D8 /* ios_coreTests */ = {
			isa = PBXNativeTarget;
			buildConfigurationList = 9475AC3E1EBB704700E838D8 /* Build configuration list for PBXNativeTarget "ios_coreTests" */;
			buildPhases = (
				9475AC2C1EBB704700E838D8 /* Sources */,
				9475AC2D1EBB704700E838D8 /* Frameworks */,
				9475AC2E1EBB704700E838D8 /* Resources */,
			);
			buildRules = (
			);
			dependencies = (
				9475AC331EBB704700E838D8 /* PBXTargetDependency */,
			);
			name = ios_coreTests;
			productName = ios_coreTests;
			productReference = 9475AC301EBB704700E838D8 /* ios_coreTests.xctest */;
			productType = "com.apple.product-type.bundle.unit-test";
		};
/* End PBXNativeTarget section */

/* Begin PBXProject section */
		9475AC1E1EBB704700E838D8 /* Project object */ = {
			isa = PBXProject;
			attributes = {
				LastSwiftUpdateCheck = 0820;
				LastUpgradeCheck = 0820;
				ORGANIZATIONNAME = Scientica;
				TargetAttributes = {
					9475AC261EBB704700E838D8 = {
						CreatedOnToolsVersion = 8.2.1;
						DevelopmentTeam = KG6NAF3KK3;
						LastSwiftMigration = 0820;
						ProvisioningStyle = Automatic;
					};
					9475AC2F1EBB704700E838D8 = {
						CreatedOnToolsVersion = 8.2.1;
						DevelopmentTeam = KG6NAF3KK3;
						ProvisioningStyle = Automatic;
					};
				};
			};
			buildConfigurationList = 9475AC211EBB704700E838D8 /* Build configuration list for PBXProject "ios_core" */;
			compatibilityVersion = "Xcode 3.2";
			developmentRegion = English;
			hasScannedForEncodings = 0;
			knownRegions = (
				en,
			);
			mainGroup = 9475AC1D1EBB704700E838D8;
			productRefGroup = 9475AC281EBB704700E838D8 /* Products */;
			projectDirPath = "";
			projectRoot = "";
			targets = (
				9475AC261EBB704700E838D8 /* ios_core */,
				9475AC2F1EBB704700E838D8 /* ios_coreTests */,
			);
		};
/* End PBXProject section */

/* Begin PBXResourcesBuildPhase section */
		9475AC251EBB704700E838D8 /* Resources */ = {
			isa = PBXResourcesBuildPhase;
			buildActionMask = 2147483647;
			files = (
				940E09771EC5E51600C40971 /* Checkbox.xib in Resources */,
				947CDA261ECF2A3C00C9CBCD /* LICENSE in Resources */,
				94899DB41EBC62D000CB7BA2 /* FullscreenModal.xib in Resources */,
				946B72831EC602FF00D98A48 /* Assets.xcassets in Resources */,
				94899DA41EBC5F3200CB7BA2 /* TitleTextSlide.xib in Resources */,
				940E09911EC5E55400C40971 /* v_quest_img.xib in Resources */,
				94F434601ED1E08C00DEE9E8 /* checkbox.png in Resources */,
				94899DB61EBC62D000CB7BA2 /* SplitImageDescSlide.xib in Resources */,
				94F434611ED1E08C00DEE9E8 /* ico_close_pressed.png in Resources */,
				94F434681ED1E08C00DEE9E8 /* vyhodnotit_disabled.png in Resources */,
				940E09991EC5F27E00C40971 /* Podfile in Resources */,
				94F434621ED1E08C00DEE9E8 /* ico_close.png in Resources */,
				94F4346A1ED1E08C00DEE9E8 /* vyhodnotit_pressed.png in Resources */,
				94F434631ED1E08C00DEE9E8 /* ico_zoom_pressed.png in Resources */,
				94F4345F1ED1E08C00DEE9E8 /* checkbox_pressed.png in Resources */,
				94F434691ED1E08C00DEE9E8 /* vyhodnotit_normal.png in Resources */,
				947CDA251ECF2A3C00C9CBCD /* ios_core.podspec in Resources */,
				94F434641ED1E08C00DEE9E8 /* ico_zoom.png in Resources */,
				94899DBB1EBC62D000CB7BA2 /* ThreeImagesModalSlide.xib in Resources */,
				94F434671ED1E08C00DEE9E8 /* vyhodnoceni_spravne.png in Resources */,
				94F4345E1ED1E08C00DEE9E8 /* checkbox_checked.png in Resources */,
				94F434651ED1E08C00DEE9E8 /* vyhodnoceni_shouldbe.png in Resources */,
				94F434661ED1E08C00DEE9E8 /* vyhodnoceni_spatne.png in Resources */,
				94899DBD1EBC62D000CB7BA2 /* TitleTextBottomImageSlide.xib in Resources */,
				940E09791EC5E51600C40971 /* ToggleWithLabel.xib in Resources */,
				94899DB81EBC62D000CB7BA2 /* SplitImageDescSubtitleSlide.xib in Resources */,
			);
			runOnlyForDeploymentPostprocessing = 0;
		};
		9475AC2E1EBB704700E838D8 /* Resources */ = {
			isa = PBXResourcesBuildPhase;
			buildActionMask = 2147483647;
			files = (
			);
			runOnlyForDeploymentPostprocessing = 0;
		};
/* End PBXResourcesBuildPhase section */

/* Begin PBXShellScriptBuildPhase section */
		5998770B52990D71AAF87A72 /* [CP] Check Pods Manifest.lock */ = {
			isa = PBXShellScriptBuildPhase;
			buildActionMask = 2147483647;
			files = (
			);
			inputPaths = (
			);
			name = "[CP] Check Pods Manifest.lock";
			outputPaths = (
			);
			runOnlyForDeploymentPostprocessing = 0;
			shellPath = /bin/sh;
			shellScript = "diff \"${PODS_PODFILE_DIR_PATH}/Podfile.lock\" \"${PODS_ROOT}/Manifest.lock\" > /dev/null\nif [ $? != 0 ] ; then\n    # print error to STDERR\n    echo \"error: The sandbox is not in sync with the Podfile.lock. Run 'pod install' or update your CocoaPods installation.\" >&2\n    exit 1\nfi\n";
			showEnvVarsInLog = 0;
		};
		5A3C051D4D08D390EC050E72 /* [CP] Copy Pods Resources */ = {
			isa = PBXShellScriptBuildPhase;
			buildActionMask = 2147483647;
			files = (
			);
			inputPaths = (
			);
			name = "[CP] Copy Pods Resources";
			outputPaths = (
			);
			runOnlyForDeploymentPostprocessing = 0;
			shellPath = /bin/sh;
			shellScript = "\"${SRCROOT}/ios_core/Pods/Target Support Files/Pods-ios_core/Pods-ios_core-resources.sh\"\n";
			showEnvVarsInLog = 0;
		};
/* End PBXShellScriptBuildPhase section */

/* Begin PBXSourcesBuildPhase section */
		9475AC221EBB704700E838D8 /* Sources */ = {
			isa = PBXSourcesBuildPhase;
			buildActionMask = 2147483647;
			files = (
				940E09761EC5E51600C40971 /* Checkbox.swift in Sources */,
				94899DBF1EBC636C00CB7BA2 /* ChapterProtocol.swift in Sources */,
				940E096C1EC5E4FC00C40971 /* FilltextQuestion.swift in Sources */,
				940E09861EC5E55400C40971 /* Question.swift in Sources */,
				940E09931EC5E5DC00C40971 /* ToastExtension.swift in Sources */,
				940E096E1EC5E4FC00C40971 /* MultichoiceQuestion.swift in Sources */,
				940E09701EC5E4FC00C40971 /* SingleChoiceQuestion.swift in Sources */,
				940E09901EC5E55400C40971 /* v_quest_img.swift in Sources */,
				940E09871EC5E55400C40971 /* QuestionComponent.swift in Sources */,
				94899DB31EBC62D000CB7BA2 /* FullscreenModal.swift in Sources */,
				940E096D1EC5E4FC00C40971 /* IntervalQuestion.swift in Sources */,
				94899DBC1EBC62D000CB7BA2 /* TitleTextBottomImageSlide.swift in Sources */,
				94899DB71EBC62D000CB7BA2 /* SplitImageDescSubtitleSlide.swift in Sources */,
				94899DA31EBC5F3200CB7BA2 /* TitleTextSlide.swift in Sources */,
				940E09891EC5E55400C40971 /* QuestionImage.swift in Sources */,
				940E098A1EC5E55400C40971 /* QuestionParser.swift in Sources */,
				940E098C1EC5E55400C40971 /* QuestionSlide.swift in Sources */,
				940E09711EC5E4FC00C40971 /* ToggleButtonsQuestion.swift in Sources */,
				94899DB51EBC62D000CB7BA2 /* SplitImageDescSlide.swift in Sources */,
				940E09781EC5E51600C40971 /* ToggleWithLabel.swift in Sources */,
				940E09881EC5E55400C40971 /* QuestionDescription.swift in Sources */,
				94899DB91EBC62D000CB7BA2 /* StringStyler.swift in Sources */,
				94899DBA1EBC62D000CB7BA2 /* ThreeImagesModalSlide.swift in Sources */,
				940E098B1EC5E55400C40971 /* QuestionQuestions.swift in Sources */,
				940E096F1EC5E4FC00C40971 /* NumberQuestion.swift in Sources */,
				940E098F1EC5E55400C40971 /* Task.swift in Sources */,
				940E098D1EC5E55400C40971 /* QuestionVideo.swift in Sources */,
			);
			runOnlyForDeploymentPostprocessing = 0;
		};
		9475AC2C1EBB704700E838D8 /* Sources */ = {
			isa = PBXSourcesBuildPhase;
			buildActionMask = 2147483647;
			files = (
				9475AC361EBB704700E838D8 /* ios_coreTests.swift in Sources */,
			);
			runOnlyForDeploymentPostprocessing = 0;
		};
/* End PBXSourcesBuildPhase section */

/* Begin PBXTargetDependency section */
		9475AC331EBB704700E838D8 /* PBXTargetDependency */ = {
			isa = PBXTargetDependency;
			target = 9475AC261EBB704700E838D8 /* ios_core */;
			targetProxy = 9475AC321EBB704700E838D8 /* PBXContainerItemProxy */;
		};
/* End PBXTargetDependency section */

/* Begin XCBuildConfiguration section */
		9475AC391EBB704700E838D8 /* Debug */ = {
			isa = XCBuildConfiguration;
			buildSettings = {
				ALWAYS_SEARCH_USER_PATHS = NO;
				CLANG_ANALYZER_NONNULL = YES;
				CLANG_CXX_LANGUAGE_STANDARD = "gnu++0x";
				CLANG_CXX_LIBRARY = "libc++";
				CLANG_ENABLE_MODULES = YES;
				CLANG_ENABLE_OBJC_ARC = YES;
				CLANG_WARN_BOOL_CONVERSION = YES;
				CLANG_WARN_CONSTANT_CONVERSION = YES;
				CLANG_WARN_DIRECT_OBJC_ISA_USAGE = YES_ERROR;
				CLANG_WARN_DOCUMENTATION_COMMENTS = YES;
				CLANG_WARN_EMPTY_BODY = YES;
				CLANG_WARN_ENUM_CONVERSION = YES;
				CLANG_WARN_INFINITE_RECURSION = YES;
				CLANG_WARN_INT_CONVERSION = YES;
				CLANG_WARN_OBJC_ROOT_CLASS = YES_ERROR;
				CLANG_WARN_SUSPICIOUS_MOVE = YES;
				CLANG_WARN_UNREACHABLE_CODE = YES;
				CLANG_WARN__DUPLICATE_METHOD_MATCH = YES;
				"CODE_SIGN_IDENTITY[sdk=iphoneos*]" = "iPhone Developer";
				COPY_PHASE_STRIP = NO;
				CURRENT_PROJECT_VERSION = 1;
				DEBUG_INFORMATION_FORMAT = dwarf;
				ENABLE_STRICT_OBJC_MSGSEND = YES;
				ENABLE_TESTABILITY = YES;
				GCC_C_LANGUAGE_STANDARD = gnu99;
				GCC_DYNAMIC_NO_PIC = NO;
				GCC_NO_COMMON_BLOCKS = YES;
				GCC_OPTIMIZATION_LEVEL = 0;
				GCC_PREPROCESSOR_DEFINITIONS = (
					"DEBUG=1",
					"$(inherited)",
				);
				GCC_WARN_64_TO_32_BIT_CONVERSION = YES;
				GCC_WARN_ABOUT_RETURN_TYPE = YES_ERROR;
				GCC_WARN_UNDECLARED_SELECTOR = YES;
				GCC_WARN_UNINITIALIZED_AUTOS = YES_AGGRESSIVE;
				GCC_WARN_UNUSED_FUNCTION = YES;
				GCC_WARN_UNUSED_VARIABLE = YES;
				IPHONEOS_DEPLOYMENT_TARGET = 9.3;
				MTL_ENABLE_DEBUG_INFO = YES;
				ONLY_ACTIVE_ARCH = YES;
				SDKROOT = iphoneos;
				SWIFT_ACTIVE_COMPILATION_CONDITIONS = DEBUG;
				SWIFT_OPTIMIZATION_LEVEL = "-Onone";
				TARGETED_DEVICE_FAMILY = "1,2";
				VERSIONING_SYSTEM = "apple-generic";
				VERSION_INFO_PREFIX = "";
			};
			name = Debug;
		};
		9475AC3A1EBB704700E838D8 /* Release */ = {
			isa = XCBuildConfiguration;
			buildSettings = {
				ALWAYS_SEARCH_USER_PATHS = NO;
				CLANG_ANALYZER_NONNULL = YES;
				CLANG_CXX_LANGUAGE_STANDARD = "gnu++0x";
				CLANG_CXX_LIBRARY = "libc++";
				CLANG_ENABLE_MODULES = YES;
				CLANG_ENABLE_OBJC_ARC = YES;
				CLANG_WARN_BOOL_CONVERSION = YES;
				CLANG_WARN_CONSTANT_CONVERSION = YES;
				CLANG_WARN_DIRECT_OBJC_ISA_USAGE = YES_ERROR;
				CLANG_WARN_DOCUMENTATION_COMMENTS = YES;
				CLANG_WARN_EMPTY_BODY = YES;
				CLANG_WARN_ENUM_CONVERSION = YES;
				CLANG_WARN_INFINITE_RECURSION = YES;
				CLANG_WARN_INT_CONVERSION = YES;
				CLANG_WARN_OBJC_ROOT_CLASS = YES_ERROR;
				CLANG_WARN_SUSPICIOUS_MOVE = YES;
				CLANG_WARN_UNREACHABLE_CODE = YES;
				CLANG_WARN__DUPLICATE_METHOD_MATCH = YES;
				"CODE_SIGN_IDENTITY[sdk=iphoneos*]" = "iPhone Developer";
				COPY_PHASE_STRIP = NO;
				CURRENT_PROJECT_VERSION = 1;
				DEBUG_INFORMATION_FORMAT = "dwarf-with-dsym";
				ENABLE_NS_ASSERTIONS = NO;
				ENABLE_STRICT_OBJC_MSGSEND = YES;
				GCC_C_LANGUAGE_STANDARD = gnu99;
				GCC_NO_COMMON_BLOCKS = YES;
				GCC_WARN_64_TO_32_BIT_CONVERSION = YES;
				GCC_WARN_ABOUT_RETURN_TYPE = YES_ERROR;
				GCC_WARN_UNDECLARED_SELECTOR = YES;
				GCC_WARN_UNINITIALIZED_AUTOS = YES_AGGRESSIVE;
				GCC_WARN_UNUSED_FUNCTION = YES;
				GCC_WARN_UNUSED_VARIABLE = YES;
				IPHONEOS_DEPLOYMENT_TARGET = 9.3;
				MTL_ENABLE_DEBUG_INFO = NO;
				SDKROOT = iphoneos;
				SWIFT_OPTIMIZATION_LEVEL = "-Owholemodule";
				TARGETED_DEVICE_FAMILY = "1,2";
				VALIDATE_PRODUCT = YES;
				VERSIONING_SYSTEM = "apple-generic";
				VERSION_INFO_PREFIX = "";
			};
			name = Release;
		};
		9475AC3C1EBB704700E838D8 /* Debug */ = {
			isa = XCBuildConfiguration;
			baseConfigurationReference = 5D2D5227F90AD42C4681CB3E /* Pods-ios_core.debug.xcconfig */;
			buildSettings = {
				CLANG_ENABLE_MODULES = YES;
				CODE_SIGN_IDENTITY = "";
				DEFINES_MODULE = YES;
				DEVELOPMENT_TEAM = KG6NAF3KK3;
				DYLIB_COMPATIBILITY_VERSION = 1;
				DYLIB_CURRENT_VERSION = 1;
				DYLIB_INSTALL_NAME_BASE = "@rpath";
				INFOPLIST_FILE = ios_core/Info.plist;
				INSTALL_PATH = "$(LOCAL_LIBRARY_DIR)/Frameworks";
				LD_RUNPATH_SEARCH_PATHS = "$(inherited) @executable_path/Frameworks @loader_path/Frameworks";
				PRODUCT_BUNDLE_IDENTIFIER = cz.scientica.iosCore;
				PRODUCT_NAME = "$(TARGET_NAME)";
				SKIP_INSTALL = YES;
				SWIFT_OPTIMIZATION_LEVEL = "-Onone";
				SWIFT_VERSION = 3.0;
			};
			name = Debug;
		};
		9475AC3D1EBB704700E838D8 /* Release */ = {
			isa = XCBuildConfiguration;
			baseConfigurationReference = 793D8D54A2E01C88EAF19B10 /* Pods-ios_core.release.xcconfig */;
			buildSettings = {
				CLANG_ENABLE_MODULES = YES;
				CODE_SIGN_IDENTITY = "";
				DEFINES_MODULE = YES;
				DEVELOPMENT_TEAM = KG6NAF3KK3;
				DYLIB_COMPATIBILITY_VERSION = 1;
				DYLIB_CURRENT_VERSION = 1;
				DYLIB_INSTALL_NAME_BASE = "@rpath";
				INFOPLIST_FILE = ios_core/Info.plist;
				INSTALL_PATH = "$(LOCAL_LIBRARY_DIR)/Frameworks";
				LD_RUNPATH_SEARCH_PATHS = "$(inherited) @executable_path/Frameworks @loader_path/Frameworks";
				PRODUCT_BUNDLE_IDENTIFIER = cz.scientica.iosCore;
				PRODUCT_NAME = "$(TARGET_NAME)";
				SKIP_INSTALL = YES;
				SWIFT_VERSION = 3.0;
			};
			name = Release;
		};
		9475AC3F1EBB704700E838D8 /* Debug */ = {
			isa = XCBuildConfiguration;
			buildSettings = {
				ALWAYS_EMBED_SWIFT_STANDARD_LIBRARIES = YES;
				DEVELOPMENT_TEAM = KG6NAF3KK3;
				INFOPLIST_FILE = ios_coreTests/Info.plist;
				LD_RUNPATH_SEARCH_PATHS = "$(inherited) @executable_path/Frameworks @loader_path/Frameworks";
				PRODUCT_BUNDLE_IDENTIFIER = "cz.scientica.ios-coreTests";
				PRODUCT_NAME = "$(TARGET_NAME)";
				SWIFT_VERSION = 3.0;
			};
			name = Debug;
		};
		9475AC401EBB704700E838D8 /* Release */ = {
			isa = XCBuildConfiguration;
			buildSettings = {
				ALWAYS_EMBED_SWIFT_STANDARD_LIBRARIES = YES;
				DEVELOPMENT_TEAM = KG6NAF3KK3;
				INFOPLIST_FILE = ios_coreTests/Info.plist;
				LD_RUNPATH_SEARCH_PATHS = "$(inherited) @executable_path/Frameworks @loader_path/Frameworks";
				PRODUCT_BUNDLE_IDENTIFIER = "cz.scientica.ios-coreTests";
				PRODUCT_NAME = "$(TARGET_NAME)";
				SWIFT_VERSION = 3.0;
			};
			name = Release;
		};
/* End XCBuildConfiguration section */

/* Begin XCConfigurationList section */
		9475AC211EBB704700E838D8 /* Build configuration list for PBXProject "ios_core" */ = {
			isa = XCConfigurationList;
			buildConfigurations = (
				9475AC391EBB704700E838D8 /* Debug */,
				9475AC3A1EBB704700E838D8 /* Release */,
			);
			defaultConfigurationIsVisible = 0;
			defaultConfigurationName = Release;
		};
		9475AC3B1EBB704700E838D8 /* Build configuration list for PBXNativeTarget "ios_core" */ = {
			isa = XCConfigurationList;
			buildConfigurations = (
				9475AC3C1EBB704700E838D8 /* Debug */,
				9475AC3D1EBB704700E838D8 /* Release */,
			);
			defaultConfigurationIsVisible = 0;
			defaultConfigurationName = Release;
		};
		9475AC3E1EBB704700E838D8 /* Build configuration list for PBXNativeTarget "ios_coreTests" */ = {
			isa = XCConfigurationList;
			buildConfigurations = (
				9475AC3F1EBB704700E838D8 /* Debug */,
				9475AC401EBB704700E838D8 /* Release */,
			);
			defaultConfigurationIsVisible = 0;
			defaultConfigurationName = Release;
		};
/* End XCConfigurationList section */
	};
	rootObject = 9475AC1E1EBB704700E838D8 /* Project object */;
}
